
Microsoft Visual Studio Solution File, Format Version 12.00
# Visual Studio Version 17
VisualStudioVersion = 17.10.35013.160
MinimumVisualStudioVersion = 10.0.40219.1
Project("{FAE04EC0-301F-11D3-BF4B-00C04F79EFBC}") = "WorkServer", "WorkServer\WorkServer.csproj", "{EB60D94F-2C90-4843-94A6-4DE568B907B6}"
EndProject
Global
	GlobalSection(SolutionConfigurationPlatforms) = preSolution
		Debug|Any CPU = Debug|Any CPU
		Release|Any CPU = Release|Any CPU
	EndGlobalSection
	GlobalSection(ProjectConfigurationPlatforms) = postSolution
		{EB60D94F-2C90-4843-94A6-4DE568B907B6}.Debug|Any CPU.ActiveCfg = Debug|Any CPU
		{EB60D94F-2C90-4843-94A6-4DE568B907B6}.Debug|Any CPU.Build.0 = Debug|Any CPU
		{EB60D94F-2C90-4843-94A6-4DE568B907B6}.Release|Any CPU.ActiveCfg = Release|Any CPU
		{EB60D94F-2C90-4843-94A6-4DE568B907B6}.Release|Any CPU.Build.0 = Release|Any CPU
	EndGlobalSection
	GlobalSection(SolutionProperties) = preSolution
		HideSolutionNode = FALSE
	EndGlobalSection
	GlobalSection(ExtensibilityGlobals) = postSolution
		SolutionGuid = {BE16EC0B-31A5-4318-BF91-40F16B39E878}
	EndGlobalSection
EndGlobal
